
Microsoft Visual Studio Solution File, Format Version 12.00
# Visual Studio Express 15 for Windows Desktop
VisualStudioVersion = 15.0.27004.2009
MinimumVisualStudioVersion = 10.0.40219.1
Project("{FAE04EC0-301F-11D3-BF4B-00C04F79EFBC}") = "ConsoleApp36", "ConsoleApp36\ConsoleApp36.csproj", "{E2C8B7A5-7700-4AE3-9DBF-16C9861B391A}"
EndProject
Global
	GlobalSection(SolutionConfigurationPlatforms) = preSolution
		Debug|Any CPU = Debug|Any CPU
		Release|Any CPU = Release|Any CPU
	EndGlobalSection
	GlobalSection(ProjectConfigurationPlatforms) = postSolution
		{E2C8B7A5-7700-4AE3-9DBF-16C9861B391A}.Debug|Any CPU.ActiveCfg = Debug|Any CPU
		{E2C8B7A5-7700-4AE3-9DBF-16C9861B391A}.Debug|Any CPU.Build.0 = Debug|Any CPU
		{E2C8B7A5-7700-4AE3-9DBF-16C9861B391A}.Release|Any CPU.ActiveCfg = Release|Any CPU
		{E2C8B7A5-7700-4AE3-9DBF-16C9861B391A}.Release|Any CPU.Build.0 = Release|Any CPU
	EndGlobalSection
	GlobalSection(SolutionProperties) = preSolution
		HideSolutionNode = FALSE
	EndGlobalSection
	GlobalSection(ExtensibilityGlobals) = postSolution
		SolutionGuid = {B4E66C7C-8F9F-4BBD-86B1-C2A51E4E675F}
	EndGlobalSection
EndGlobal
